
Microsoft Visual Studio Solution File, Format Version 12.00
# Visual Studio 14
VisualStudioVersion = 14.0.25420.1
MinimumVisualStudioVersion = 10.0.40219.1
Project("{FAE04EC0-301F-11D3-BF4B-00C04F79EFBC}") = "RestWebApi", "RestWebApi\RestWebApi.csproj", "{2502B9A0-7798-4B48-8383-C85E62E5E749}"
EndProject
Project("{FAE04EC0-301F-11D3-BF4B-00C04F79EFBC}") = "DataModel", "DataModel\DataModel.csproj", "{6BF7E042-736D-4630-909D-A2DFB54BD22F}"
EndProject
Project("{FAE04EC0-301F-11D3-BF4B-00C04F79EFBC}") = "BusinessEntities", "BusinessEntities\BusinessEntities.csproj", "{4CF76C57-32F8-4010-A209-699043A3D518}"
EndProject
Project("{FAE04EC0-301F-11D3-BF4B-00C04F79EFBC}") = "BusinessServices", "BusinessServices\BusinessServices.csproj", "{F3EE3F0E-5447-465A-A526-F86BA0D1DCC3}"
EndProject
Project("{FAE04EC0-301F-11D3-BF4B-00C04F79EFBC}") = "Resolver", "Resolver\Resolver.csproj", "{BBA8CD49-1964-4D1D-AD2F-93F3E2BBAF3C}"
EndProject
Project("{2150E333-8FDC-42A3-9474-1A3956D46DE8}") = "Database", "Database", "{4C18D040-D89D-4A17-98AE-7D4212C7B820}"
	ProjectSection(SolutionItems) = preProject
		Database\WebApiDb.sql = Database\WebApiDb.sql
	EndProjectSection
EndProject
Project("{FAE04EC0-301F-11D3-BF4B-00C04F79EFBC}") = "BusinessServices.Tests", "BusinessServices.Tests\BusinessServices.Tests.csproj", "{E1502716-1BE3-494B-904A-021D43D6E052}"
EndProject
Project("{FAE04EC0-301F-11D3-BF4B-00C04F79EFBC}") = "TestHelper", "TestHelper\TestHelper.csproj", "{54FE7FE7-B50E-4CB5-B0D9-6A88D5A0BF74}"
EndProject
Global
	GlobalSection(SolutionConfigurationPlatforms) = preSolution
		Debug|Any CPU = Debug|Any CPU
		Release|Any CPU = Release|Any CPU
	EndGlobalSection
	GlobalSection(ProjectConfigurationPlatforms) = postSolution
		{2502B9A0-7798-4B48-8383-C85E62E5E749}.Debug|Any CPU.ActiveCfg = Debug|Any CPU
		{2502B9A0-7798-4B48-8383-C85E62E5E749}.Debug|Any CPU.Build.0 = Debug|Any CPU
		{2502B9A0-7798-4B48-8383-C85E62E5E749}.Release|Any CPU.ActiveCfg = Release|Any CPU
		{2502B9A0-7798-4B48-8383-C85E62E5E749}.Release|Any CPU.Build.0 = Release|Any CPU
		{6BF7E042-736D-4630-909D-A2DFB54BD22F}.Debug|Any CPU.ActiveCfg = Debug|Any CPU
		{6BF7E042-736D-4630-909D-A2DFB54BD22F}.Debug|Any CPU.Build.0 = Debug|Any CPU
		{6BF7E042-736D-4630-909D-A2DFB54BD22F}.Release|Any CPU.ActiveCfg = Release|Any CPU
		{6BF7E042-736D-4630-909D-A2DFB54BD22F}.Release|Any CPU.Build.0 = Release|Any CPU
		{4CF76C57-32F8-4010-A209-699043A3D518}.Debug|Any CPU.ActiveCfg = Debug|Any CPU
		{4CF76C57-32F8-4010-A209-699043A3D518}.Debug|Any CPU.Build.0 = Debug|Any CPU
		{4CF76C57-32F8-4010-A209-699043A3D518}.Release|Any CPU.ActiveCfg = Release|Any CPU
		{4CF76C57-32F8-4010-A209-699043A3D518}.Release|Any CPU.Build.0 = Release|Any CPU
		{F3EE3F0E-5447-465A-A526-F86BA0D1DCC3}.Debug|Any CPU.ActiveCfg = Debug|Any CPU
		{F3EE3F0E-5447-465A-A526-F86BA0D1DCC3}.Debug|Any CPU.Build.0 = Debug|Any CPU
		{F3EE3F0E-5447-465A-A526-F86BA0D1DCC3}.Release|Any CPU.ActiveCfg = Release|Any CPU
		{F3EE3F0E-5447-465A-A526-F86BA0D1DCC3}.Release|Any CPU.Build.0 = Release|Any CPU
		{BBA8CD49-1964-4D1D-AD2F-93F3E2BBAF3C}.Debug|Any CPU.ActiveCfg = Debug|Any CPU
		{BBA8CD49-1964-4D1D-AD2F-93F3E2BBAF3C}.Debug|Any CPU.Build.0 = Debug|Any CPU
		{BBA8CD49-1964-4D1D-AD2F-93F3E2BBAF3C}.Release|Any CPU.ActiveCfg = Release|Any CPU
		{BBA8CD49-1964-4D1D-AD2F-93F3E2BBAF3C}.Release|Any CPU.Build.0 = Release|Any CPU
		{E1502716-1BE3-494B-904A-021D43D6E052}.Debug|Any CPU.ActiveCfg = Debug|Any CPU
		{E1502716-1BE3-494B-904A-021D43D6E052}.Debug|Any CPU.Build.0 = Debug|Any CPU
		{E1502716-1BE3-494B-904A-021D43D6E052}.Release|Any CPU.ActiveCfg = Release|Any CPU
		{E1502716-1BE3-494B-904A-021D43D6E052}.Release|Any CPU.Build.0 = Release|Any CPU
		{54FE7FE7-B50E-4CB5-B0D9-6A88D5A0BF74}.Debug|Any CPU.ActiveCfg = Debug|Any CPU
		{54FE7FE7-B50E-4CB5-B0D9-6A88D5A0BF74}.Debug|Any CPU.Build.0 = Debug|Any CPU
		{54FE7FE7-B50E-4CB5-B0D9-6A88D5A0BF74}.Release|Any CPU.ActiveCfg = Release|Any CPU
		{54FE7FE7-B50E-4CB5-B0D9-6A88D5A0BF74}.Release|Any CPU.Build.0 = Release|Any CPU
	EndGlobalSection
	GlobalSection(SolutionProperties) = preSolution
		HideSolutionNode = FALSE
	EndGlobalSection
EndGlobal
